// !$*UTF8*$!
{
	archiveVersion = 1;
	classes = {
	};
	objectVersion = 56;
	objects = {

/* Begin PBXBuildFile section */
		8B133A6829638C0800380E31 /* ItemCell.xib in Resources */ = {isa = PBXBuildFile; fileRef = 8B133A6729638C0800380E31 /* ItemCell.xib */; };
		8B133A6A29638C3000380E31 /* ItemCell.swift in Sources */ = {isa = PBXBuildFile; fileRef = 8B133A6929638C3000380E31 /* ItemCell.swift */; };
		8B3DF3A52969BE8400305069 /* FormViewController.swift in Sources */ = {isa = PBXBuildFile; fileRef = 8B3DF3A42969BE8400305069 /* FormViewController.swift */; };
		8BE9C8B1296380F1009D2D56 /* AppDelegate.swift in Sources */ = {isa = PBXBuildFile; fileRef = 8BE9C8B0296380F1009D2D56 /* AppDelegate.swift */; };
		8BE9C8B3296380F1009D2D56 /* SceneDelegate.swift in Sources */ = {isa = PBXBuildFile; fileRef = 8BE9C8B2296380F1009D2D56 /* SceneDelegate.swift */; };
		8BE9C8B5296380F1009D2D56 /* ViewController.swift in Sources */ = {isa = PBXBuildFile; fileRef = 8BE9C8B4296380F1009D2D56 /* ViewController.swift */; };
		8BE9C8BA296380F2009D2D56 /* Assets.xcassets in Resources */ = {isa = PBXBuildFile; fileRef = 8BE9C8B9296380F2009D2D56 /* Assets.xcassets */; };
		8BE9C8BD296380F2009D2D56 /* LaunchScreen.storyboard in Resources */ = {isa = PBXBuildFile; fileRef = 8BE9C8BB296380F2009D2D56 /* LaunchScreen.storyboard */; };
		8BE9C8C62963814F009D2D56 /* CheckButton.swift in Sources */ = {isa = PBXBuildFile; fileRef = 8BE9C8C52963814F009D2D56 /* CheckButton.swift */; };
		8BE9C8CD29638843009D2D56 /* ItemModel.swift in Sources */ = {isa = PBXBuildFile; fileRef = 8BE9C8CC29638842009D2D56 /* ItemModel.swift */; };
		8BE9C8D129638990009D2D56 /* Main.storyboard in Resources */ = {isa = PBXBuildFile; fileRef = 8BE9C8D029638990009D2D56 /* Main.storyboard */; };
/* End PBXBuildFile section */

/* Begin PBXFileReference section */
		8B133A6729638C0800380E31 /* ItemCell.xib */ = {isa = PBXFileReference; fileEncoding = 4; lastKnownFileType = file.xib; path = ItemCell.xib; sourceTree = "<group>"; };
		8B133A6929638C3000380E31 /* ItemCell.swift */ = {isa = PBXFileReference; lastKnownFileType = sourcecode.swift; path = ItemCell.swift; sourceTree = "<group>"; };
		8B3DF3A42969BE8400305069 /* FormViewController.swift */ = {isa = PBXFileReference; lastKnownFileType = sourcecode.swift; path = FormViewController.swift; sourceTree = "<group>"; };
		8BE9C8AD296380F1009D2D56 /* ToDo.app */ = {isa = PBXFileReference; explicitFileType = wrapper.application; includeInIndex = 0; path = ToDo.app; sourceTree = BUILT_PRODUCTS_DIR; };
		8BE9C8B0296380F1009D2D56 /* AppDelegate.swift */ = {isa = PBXFileReference; lastKnownFileType = sourcecode.swift; path = AppDelegate.swift; sourceTree = "<group>"; };
		8BE9C8B2296380F1009D2D56 /* SceneDelegate.swift */ = {isa = PBXFileReference; lastKnownFileType = sourcecode.swift; path = SceneDelegate.swift; sourceTree = "<group>"; };
		8BE9C8B4296380F1009D2D56 /* ViewController.swift */ = {isa = PBXFileReference; lastKnownFileType = sourcecode.swift; path = ViewController.swift; sourceTree = "<group>"; };
		8BE9C8B9296380F2009D2D56 /* Assets.xcassets */ = {isa = PBXFileReference; lastKnownFileType = folder.assetcatalog; path = Assets.xcassets; sourceTree = "<group>"; };
		8BE9C8BC296380F2009D2D56 /* Base */ = {isa = PBXFileReference; lastKnownFileType = file.storyboard; name = Base; path = Base.lproj/LaunchScreen.storyboard; sourceTree = "<group>"; };
		8BE9C8BE296380F2009D2D56 /* Info.plist */ = {isa = PBXFileReference; lastKnownFileType = text.plist.xml; path = Info.plist; sourceTree = "<group>"; };
		8BE9C8C52963814F009D2D56 /* CheckButton.swift */ = {isa = PBXFileReference; lastKnownFileType = sourcecode.swift; path = CheckButton.swift; sourceTree = "<group>"; };
		8BE9C8CC29638842009D2D56 /* ItemModel.swift */ = {isa = PBXFileReference; lastKnownFileType = sourcecode.swift; path = ItemModel.swift; sourceTree = "<group>"; };
		8BE9C8D029638990009D2D56 /* Main.storyboard */ = {isa = PBXFileReference; fileEncoding = 4; lastKnownFileType = file.storyboard; path = Main.storyboard; sourceTree = "<group>"; };
/* End PBXFileReference section */

/* Begin PBXFrameworksBuildPhase section */
		8BE9C8AA296380F1009D2D56 /* Frameworks */ = {
			isa = PBXFrameworksBuildPhase;
			buildActionMask = 2147483647;
			files = (
			);
			runOnlyForDeploymentPostprocessing = 0;
		};
/* End PBXFrameworksBuildPhase section */

/* Begin PBXGroup section */
		8BE9C8A4296380F1009D2D56 = {
			isa = PBXGroup;
			children = (
				8BE9C8AF296380F1009D2D56 /* ToDo */,
				8BE9C8AE296380F1009D2D56 /* Products */,
			);
			sourceTree = "<group>";
		};
		8BE9C8AE296380F1009D2D56 /* Products */ = {
			isa = PBXGroup;
			children = (
				8BE9C8AD296380F1009D2D56 /* ToDo.app */,
			);
			name = Products;
			sourceTree = "<group>";
		};
		8BE9C8AF296380F1009D2D56 /* ToDo */ = {
			isa = PBXGroup;
			children = (
				8BE9C8CB29638837009D2D56 /* Models */,
				8BE9C8CA29638826009D2D56 /* ViewControllers */,
				8BE9C8B9296380F2009D2D56 /* Assets.xcassets */,
				8BE9C8C9296387E4009D2D56 /* Views */,
				8BE9C8C429638132009D2D56 /* CommonUI */,
				8BE9C8B0296380F1009D2D56 /* AppDelegate.swift */,
				8BE9C8B2296380F1009D2D56 /* SceneDelegate.swift */,
				8BE9C8BE296380F2009D2D56 /* Info.plist */,
			);
			path = ToDo;
			sourceTree = "<group>";
		};
		8BE9C8C429638132009D2D56 /* CommonUI */ = {
			isa = PBXGroup;
			children = (
				8BE9C8C52963814F009D2D56 /* CheckButton.swift */,
			);
			path = CommonUI;
			sourceTree = "<group>";
		};
		8BE9C8C9296387E4009D2D56 /* Views */ = {
			isa = PBXGroup;
			children = (
				8BE9C8D429638BDA009D2D56 /* Cells */,
				8BE9C8D029638990009D2D56 /* Main.storyboard */,
				8BE9C8BB296380F2009D2D56 /* LaunchScreen.storyboard */,
			);
			path = Views;
			sourceTree = "<group>";
		};
		8BE9C8CA29638826009D2D56 /* ViewControllers */ = {
			isa = PBXGroup;
			children = (
				8BE9C8B4296380F1009D2D56 /* ViewController.swift */,
				8B3DF3A42969BE8400305069 /* FormViewController.swift */,
			);
			path = ViewControllers;
			sourceTree = "<group>";
		};
		8BE9C8CB29638837009D2D56 /* Models */ = {
			isa = PBXGroup;
			children = (
				8BE9C8CC29638842009D2D56 /* ItemModel.swift */,
			);
			path = Models;
			sourceTree = "<group>";
		};
		8BE9C8D429638BDA009D2D56 /* Cells */ = {
			isa = PBXGroup;
			children = (
				8B133A6729638C0800380E31 /* ItemCell.xib */,
				8B133A6929638C3000380E31 /* ItemCell.swift */,
			);
			path = Cells;
			sourceTree = "<group>";
		};
/* End PBXGroup section */

/* Begin PBXNativeTarget section */
		8BE9C8AC296380F1009D2D56 /* ToDo */ = {
			isa = PBXNativeTarget;
			buildConfigurationList = 8BE9C8C1296380F2009D2D56 /* Build configuration list for PBXNativeTarget "ToDo" */;
			buildPhases = (
				8BE9C8A9296380F1009D2D56 /* Sources */,
				8BE9C8AA296380F1009D2D56 /* Frameworks */,
				8BE9C8AB296380F1009D2D56 /* Resources */,
			);
			buildRules = (
			);
			dependencies = (
			);
			name = ToDo;
			productName = ToDo;
			productReference = 8BE9C8AD296380F1009D2D56 /* ToDo.app */;
			productType = "com.apple.product-type.application";
		};
/* End PBXNativeTarget section */

/* Begin PBXProject section */
		8BE9C8A5296380F1009D2D56 /* Project object */ = {
			isa = PBXProject;
			attributes = {
				BuildIndependentTargetsInParallel = 1;
				LastSwiftUpdateCheck = 1410;
				LastUpgradeCheck = 1410;
				TargetAttributes = {
					8BE9C8AC296380F1009D2D56 = {
						CreatedOnToolsVersion = 14.1;
					};
				};
			};
			buildConfigurationList = 8BE9C8A8296380F1009D2D56 /* Build configuration list for PBXProject "ToDo" */;
			compatibilityVersion = "Xcode 14.0";
			developmentRegion = en;
			hasScannedForEncodings = 0;
			knownRegions = (
				en,
				Base,
			);
			mainGroup = 8BE9C8A4296380F1009D2D56;
			productRefGroup = 8BE9C8AE296380F1009D2D56 /* Products */;
			projectDirPath = "";
			projectRoot = "";
			targets = (
				8BE9C8AC296380F1009D2D56 /* ToDo */,
			);
		};
/* End PBXProject section */

/* Begin PBXResourcesBuildPhase section */
		8BE9C8AB296380F1009D2D56 /* Resources */ = {
			isa = PBXResourcesBuildPhase;
			buildActionMask = 2147483647;
			files = (
				8BE9C8BD296380F2009D2D56 /* LaunchScreen.storyboard in Resources */,
				8B133A6829638C0800380E31 /* ItemCell.xib in Resources */,
				8BE9C8BA296380F2009D2D56 /* Assets.xcassets in Resources */,
				8BE9C8D129638990009D2D56 /* Main.storyboard in Resources */,
			);
			runOnlyForDeploymentPostprocessing = 0;
		};
/* End PBXResourcesBuildPhase section */

/* Begin PBXSourcesBuildPhase section */
		8BE9C8A9296380F1009D2D56 /* Sources */ = {
			isa = PBXSourcesBuildPhase;
			buildActionMask = 2147483647;
			files = (
				8BE9C8CD29638843009D2D56 /* ItemModel.swift in Sources */,
				8BE9C8B5296380F1009D2D56 /* ViewController.swift in Sources */,
				8B3DF3A52969BE8400305069 /* FormViewController.swift in Sources */,
				8B133A6A29638C3000380E31 /* ItemCell.swift in Sources */,
				8BE9C8B1296380F1009D2D56 /* AppDelegate.swift in Sources */,
				8BE9C8C62963814F009D2D56 /* CheckButton.swift in Sources */,
				8BE9C8B3296380F1009D2D56 /* SceneDelegate.swift in Sources */,
			);
			runOnlyForDeploymentPostprocessing = 0;
		};
/* End PBXSourcesBuildPhase section */

/* Begin PBXVariantGroup section */
		8BE9C8BB296380F2009D2D56 /* LaunchScreen.storyboard */ = {
			isa = PBXVariantGroup;
			children = (
				8BE9C8BC296380F2009D2D56 /* Base */,
			);
			name = LaunchScreen.storyboard;
			sourceTree = "<group>";
		};
/* End PBXVariantGroup section */

/* Begin XCBuildConfiguration section */
		8BE9C8BF296380F2009D2D56 /* Debug */ = {
			isa = XCBuildConfiguration;
			buildSettings = {
				ALWAYS_SEARCH_USER_PATHS = NO;
				CLANG_ANALYZER_NONNULL = YES;
				CLANG_ANALYZER_NUMBER_OBJECT_CONVERSION = YES_AGGRESSIVE;
				CLANG_CXX_LANGUAGE_STANDARD = "gnu++20";
				CLANG_ENABLE_MODULES = YES;
				CLANG_ENABLE_OBJC_ARC = YES;
				CLANG_ENABLE_OBJC_WEAK = YES;
				CLANG_WARN_BLOCK_CAPTURE_AUTORELEASING = YES;
				CLANG_WARN_BOOL_CONVERSION = YES;
				CLANG_WARN_COMMA = YES;
				CLANG_WARN_CONSTANT_CONVERSION = YES;
				CLANG_WARN_DEPRECATED_OBJC_IMPLEMENTATIONS = YES;
				CLANG_WARN_DIRECT_OBJC_ISA_USAGE = YES_ERROR;
				CLANG_WARN_DOCUMENTATION_COMMENTS = YES;
				CLANG_WARN_EMPTY_BODY = YES;
				CLANG_WARN_ENUM_CONVERSION = YES;
				CLANG_WARN_INFINITE_RECURSION = YES;
				CLANG_WARN_INT_CONVERSION = YES;
				CLANG_WARN_NON_LITERAL_NULL_CONVERSION = YES;
				CLANG_WARN_OBJC_IMPLICIT_RETAIN_SELF = YES;
				CLANG_WARN_OBJC_LITERAL_CONVERSION = YES;
				CLANG_WARN_OBJC_ROOT_CLASS = YES_ERROR;
				CLANG_WARN_QUOTED_INCLUDE_IN_FRAMEWORK_HEADER = YES;
				CLANG_WARN_RANGE_LOOP_ANALYSIS = YES;
				CLANG_WARN_STRICT_PROTOTYPES = YES;
				CLANG_WARN_SUSPICIOUS_MOVE = YES;
				CLANG_WARN_UNGUARDED_AVAILABILITY = YES_AGGRESSIVE;
				CLANG_WARN_UNREACHABLE_CODE = YES;
				CLANG_WARN__DUPLICATE_METHOD_MATCH = YES;
				COPY_PHASE_STRIP = NO;
				DEBUG_INFORMATION_FORMAT = dwarf;
				ENABLE_STRICT_OBJC_MSGSEND = YES;
				ENABLE_TESTABILITY = YES;
				GCC_C_LANGUAGE_STANDARD = gnu11;
				GCC_DYNAMIC_NO_PIC = NO;
				GCC_NO_COMMON_BLOCKS = YES;
				GCC_OPTIMIZATION_LEVEL = 0;
				GCC_PREPROCESSOR_DEFINITIONS = (
					"DEBUG=1",
					"$(inherited)",
				);
				GCC_WARN_64_TO_32_BIT_CONVERSION = YES;
				GCC_WARN_ABOUT_RETURN_TYPE = YES_ERROR;
				GCC_WARN_UNDECLARED_SELECTOR = YES;
				GCC_WARN_UNINITIALIZED_AUTOS = YES_AGGRESSIVE;
				GCC_WARN_UNUSED_FUNCTION = YES;
				GCC_WARN_UNUSED_VARIABLE = YES;
				IPHONEOS_DEPLOYMENT_TARGET = 16.1;
				MTL_ENABLE_DEBUG_INFO = INCLUDE_SOURCE;
				MTL_FAST_MATH = YES;
				ONLY_ACTIVE_ARCH = YES;
				SDKROOT = iphoneos;
				SWIFT_ACTIVE_COMPILATION_CONDITIONS = DEBUG;
				SWIFT_OPTIMIZATION_LEVEL = "-Onone";
			};
			name = Debug;
		};
		8BE9C8C0296380F2009D2D56 /* Release */ = {
			isa = XCBuildConfiguration;
			buildSettings = {
				ALWAYS_SEARCH_USER_PATHS = NO;
				CLANG_ANALYZER_NONNULL = YES;
				CLANG_ANALYZER_NUMBER_OBJECT_CONVERSION = YES_AGGRESSIVE;
				CLANG_CXX_LANGUAGE_STANDARD = "gnu++20";
				CLANG_ENABLE_MODULES = YES;
				CLANG_ENABLE_OBJC_ARC = YES;
				CLANG_ENABLE_OBJC_WEAK = YES;
				CLANG_WARN_BLOCK_CAPTURE_AUTORELEASING = YES;
				CLANG_WARN_BOOL_CONVERSION = YES;
				CLANG_WARN_COMMA = YES;
				CLANG_WARN_CONSTANT_CONVERSION = YES;
				CLANG_WARN_DEPRECATED_OBJC_IMPLEMENTATIONS = YES;
				CLANG_WARN_DIRECT_OBJC_ISA_USAGE = YES_ERROR;
				CLANG_WARN_DOCUMENTATION_COMMENTS = YES;
				CLANG_WARN_EMPTY_BODY = YES;
				CLANG_WARN_ENUM_CONVERSION = YES;
				CLANG_WARN_INFINITE_RECURSION = YES;
				CLANG_WARN_INT_CONVERSION = YES;
				CLANG_WARN_NON_LITERAL_NULL_CONVERSION = YES;
				CLANG_WARN_OBJC_IMPLICIT_RETAIN_SELF = YES;
				CLANG_WARN_OBJC_LITERAL_CONVERSION = YES;
				CLANG_WARN_OBJC_ROOT_CLASS = YES_ERROR;
				CLANG_WARN_QUOTED_INCLUDE_IN_FRAMEWORK_HEADER = YES;
				CLANG_WARN_RANGE_LOOP_ANALYSIS = YES;
				CLANG_WARN_STRICT_PROTOTYPES = YES;
				CLANG_WARN_SUSPICIOUS_MOVE = YES;
				CLANG_WARN_UNGUARDED_AVAILABILITY = YES_AGGRESSIVE;
				CLANG_WARN_UNREACHABLE_CODE = YES;
				CLANG_WARN__DUPLICATE_METHOD_MATCH = YES;
				COPY_PHASE_STRIP = NO;
				DEBUG_INFORMATION_FORMAT = "dwarf-with-dsym";
				ENABLE_NS_ASSERTIONS = NO;
				ENABLE_STRICT_OBJC_MSGSEND = YES;
				GCC_C_LANGUAGE_STANDARD = gnu11;
				GCC_NO_COMMON_BLOCKS = YES;
				GCC_WARN_64_TO_32_BIT_CONVERSION = YES;
				GCC_WARN_ABOUT_RETURN_TYPE = YES_ERROR;
				GCC_WARN_UNDECLARED_SELECTOR = YES;
				GCC_WARN_UNINITIALIZED_AUTOS = YES_AGGRESSIVE;
				GCC_WARN_UNUSED_FUNCTION = YES;
				GCC_WARN_UNUSED_VARIABLE = YES;
				IPHONEOS_DEPLOYMENT_TARGET = 16.1;
				MTL_ENABLE_DEBUG_INFO = NO;
				MTL_FAST_MATH = YES;
				SDKROOT = iphoneos;
				SWIFT_COMPILATION_MODE = wholemodule;
				SWIFT_OPTIMIZATION_LEVEL = "-O";
				VALIDATE_PRODUCT = YES;
			};
			name = Release;
		};
		8BE9C8C2296380F2009D2D56 /* Debug */ = {
			isa = XCBuildConfiguration;
			buildSettings = {
				ASSETCATALOG_COMPILER_APPICON_NAME = AppIcon;
				ASSETCATALOG_COMPILER_GLOBAL_ACCENT_COLOR_NAME = AccentColor;
				CODE_SIGN_STYLE = Automatic;
				CURRENT_PROJECT_VERSION = 1;
				DEVELOPMENT_TEAM = W2XGFCJV6C;
				GENERATE_INFOPLIST_FILE = YES;
				INFOPLIST_FILE = ToDo/Info.plist;
				INFOPLIST_KEY_UIApplicationSupportsIndirectInputEvents = YES;
				INFOPLIST_KEY_UILaunchStoryboardName = LaunchScreen;
				INFOPLIST_KEY_UIMainStoryboardFile = Main;
				INFOPLIST_KEY_UISupportedInterfaceOrientations_iPad = "UIInterfaceOrientationPortrait UIInterfaceOrientationPortraitUpsideDown UIInterfaceOrientationLandscapeLeft UIInterfaceOrientationLandscapeRight";
				INFOPLIST_KEY_UISupportedInterfaceOrientations_iPhone = "UIInterfaceOrientationPortrait UIInterfaceOrientationLandscapeLeft UIInterfaceOrientationLandscapeRight";
				LD_RUNPATH_SEARCH_PATHS = (
					"$(inherited)",
					"@executable_path/Frameworks",
				);
				MARKETING_VERSION = 1.0;
				PRODUCT_BUNDLE_IDENTIFIER = com.miguelsolans.ToDo;
				PRODUCT_NAME = "$(TARGET_NAME)";
				SWIFT_EMIT_LOC_STRINGS = YES;
				SWIFT_VERSION = 5.0;
				TARGETED_DEVICE_FAMILY = "1,2";
			};
			name = Debug;
		};
		8BE9C8C3296380F2009D2D56 /* Release */ = {
			isa = XCBuildConfiguration;
			buildSettings = {
				ASSETCATALOG_COMPILER_APPICON_NAME = AppIcon;
				ASSETCATALOG_COMPILER_GLOBAL_ACCENT_COLOR_NAME = AccentColor;
				CODE_SIGN_STYLE = Automatic;
				CURRENT_PROJECT_VERSION = 1;
				DEVELOPMENT_TEAM = W2XGFCJV6C;
				GENERATE_INFOPLIST_FILE = YES;
				INFOPLIST_FILE = ToDo/Info.plist;
				INFOPLIST_KEY_UIApplicationSupportsIndirectInputEvents = YES;
				INFOPLIST_KEY_UILaunchStoryboardName = LaunchScreen;
				INFOPLIST_KEY_UIMainStoryboardFile = Main;
				INFOPLIST_KEY_UISupportedInterfaceOrientations_iPad = "UIInterfaceOrientationPortrait UIInterfaceOrientationPortraitUpsideDown UIInterfaceOrientationLandscapeLeft UIInterfaceOrientationLandscapeRight";
				INFOPLIST_KEY_UISupportedInterfaceOrientations_iPhone = "UIInterfaceOrientationPortrait UIInterfaceOrientationLandscapeLeft UIInterfaceOrientationLandscapeRight";
				LD_RUNPATH_SEARCH_PATHS = (
					"$(inherited)",
					"@executable_path/Frameworks",
				);
				MARKETING_VERSION = 1.0;
				PRODUCT_BUNDLE_IDENTIFIER = com.miguelsolans.ToDo;
				PRODUCT_NAME = "$(TARGET_NAME)";
				SWIFT_EMIT_LOC_STRINGS = YES;
				SWIFT_VERSION = 5.0;
				TARGETED_DEVICE_FAMILY = "1,2";
			};
			name = Release;
		};
/* End XCBuildConfiguration section */

/* Begin XCConfigurationList section */
		8BE9C8A8296380F1009D2D56 /* Build configuration list for PBXProject "ToDo" */ = {
			isa = XCConfigurationList;
			buildConfigurations = (
				8BE9C8BF296380F2009D2D56 /* Debug */,
				8BE9C8C0296380F2009D2D56 /* Release */,
			);
			defaultConfigurationIsVisible = 0;
			defaultConfigurationName = Release;
		};
		8BE9C8C1296380F2009D2D56 /* Build configuration list for PBXNativeTarget "ToDo" */ = {
			isa = XCConfigurationList;
			buildConfigurations = (
				8BE9C8C2296380F2009D2D56 /* Debug */,
				8BE9C8C3296380F2009D2D56 /* Release */,
			);
			defaultConfigurationIsVisible = 0;
			defaultConfigurationName = Release;
		};
/* End XCConfigurationList section */
	};
	rootObject = 8BE9C8A5296380F1009D2D56 /* Project object */;
}
